
Microsoft Visual Studio Solution File, Format Version 12.00
# Visual Studio Version 16
VisualStudioVersion = 16.0.31515.178
MinimumVisualStudioVersion = 10.0.40219.1
Project("{FAE04EC0-301F-11D3-BF4B-00C04F79EFBC}") = "ReadingLog.Api", "ReadingLog.Api\ReadingLog.Api.csproj", "{35E1BB7F-3DD4-40B0-B79A-68DD580E0416}"
EndProject
Project("{FAE04EC0-301F-11D3-BF4B-00C04F79EFBC}") = "ReadingLog.Common", "ReadingLog.Common\ReadingLog.Common.csproj", "{C35BD726-B265-403D-8029-4EE618F1CD8B}"
EndProject
Project("{FAE04EC0-301F-11D3-BF4B-00C04F79EFBC}") = "ReadingLog.Tests", "ReadingLog.Tests\ReadingLog.Tests.csproj", "{076FFA36-878F-48D5-B923-12B883E20EDC}"
EndProject
Global
	GlobalSection(SolutionConfigurationPlatforms) = preSolution
		Debug|Any CPU = Debug|Any CPU
		Release|Any CPU = Release|Any CPU
	EndGlobalSection
	GlobalSection(ProjectConfigurationPlatforms) = postSolution
		{35E1BB7F-3DD4-40B0-B79A-68DD580E0416}.Debug|Any CPU.ActiveCfg = Debug|Any CPU
		{35E1BB7F-3DD4-40B0-B79A-68DD580E0416}.Debug|Any CPU.Build.0 = Debug|Any CPU
		{35E1BB7F-3DD4-40B0-B79A-68DD580E0416}.Release|Any CPU.ActiveCfg = Release|Any CPU
		{35E1BB7F-3DD4-40B0-B79A-68DD580E0416}.Release|Any CPU.Build.0 = Release|Any CPU
		{C35BD726-B265-403D-8029-4EE618F1CD8B}.Debug|Any CPU.ActiveCfg = Debug|Any CPU
		{C35BD726-B265-403D-8029-4EE618F1CD8B}.Debug|Any CPU.Build.0 = Debug|Any CPU
		{C35BD726-B265-403D-8029-4EE618F1CD8B}.Release|Any CPU.ActiveCfg = Release|Any CPU
		{C35BD726-B265-403D-8029-4EE618F1CD8B}.Release|Any CPU.Build.0 = Release|Any CPU
		{076FFA36-878F-48D5-B923-12B883E20EDC}.Debug|Any CPU.ActiveCfg = Debug|Any CPU
		{076FFA36-878F-48D5-B923-12B883E20EDC}.Debug|Any CPU.Build.0 = Debug|Any CPU
		{076FFA36-878F-48D5-B923-12B883E20EDC}.Release|Any CPU.ActiveCfg = Release|Any CPU
		{076FFA36-878F-48D5-B923-12B883E20EDC}.Release|Any CPU.Build.0 = Release|Any CPU
	EndGlobalSection
	GlobalSection(SolutionProperties) = preSolution
		HideSolutionNode = FALSE
	EndGlobalSection
	GlobalSection(ExtensibilityGlobals) = postSolution
		SolutionGuid = {10A87074-6DCA-4809-B0A3-4B3D98FCAFF0}
	EndGlobalSection
EndGlobal
